
Microsoft Visual Studio Solution File, Format Version 12.00
# Visual Studio Version 17
VisualStudioVersion = 17.3.32819.101
MinimumVisualStudioVersion = 10.0.40219.1
Project("{888888A0-9F3D-457C-B088-3A5042F75D52}") = "Kapitel 5 uppgift c", "Kapitel 5 uppgift c\Kapitel 5 uppgift c.pyproj", "{F8C16BF9-814C-4042-9DA4-D476C237932A}"
EndProject
Global
	GlobalSection(SolutionConfigurationPlatforms) = preSolution
		Debug|Any CPU = Debug|Any CPU
		Release|Any CPU = Release|Any CPU
	EndGlobalSection
	GlobalSection(ProjectConfigurationPlatforms) = postSolution
		{F8C16BF9-814C-4042-9DA4-D476C237932A}.Debug|Any CPU.ActiveCfg = Debug|Any CPU
		{F8C16BF9-814C-4042-9DA4-D476C237932A}.Release|Any CPU.ActiveCfg = Release|Any CPU
	EndGlobalSection
	GlobalSection(SolutionProperties) = preSolution
		HideSolutionNode = FALSE
	EndGlobalSection
	GlobalSection(ExtensibilityGlobals) = postSolution
		SolutionGuid = {FD88E706-A4E8-4923-84FB-6A41D3BF8780}
	EndGlobalSection
EndGlobal
